
Microsoft Visual Studio Solution File, Format Version 12.00
# Visual Studio Version 16
VisualStudioVersion = 16.0.29306.81
MinimumVisualStudioVersion = 10.0.40219.1
Project("{9A19103F-16F7-4668-BE54-9A1E7A4F7556}") = "SECCS", "SECCS\SECCS.csproj", "{AB381CEC-0165-49CE-90BE-D5FD0CC2D9ED}"
EndProject
Project("{9A19103F-16F7-4668-BE54-9A1E7A4F7556}") = "SECCS.Tests", "SECCS.Tests\SECCS.Tests.csproj", "{A522AA9A-545E-47EF-B6F8-34C76268B704}"
EndProject
Project("{FAE04EC0-301F-11D3-BF4B-00C04F79EFBC}") = "SECCS.Benchmarks", "Benchmarks\SECCS.Benchmarks.csproj", "{1D942F7A-F654-48FF-841C-2E993149AAA2}"
EndProject
Global
	GlobalSection(SolutionConfigurationPlatforms) = preSolution
		Debug|Any CPU = Debug|Any CPU
		Release|Any CPU = Release|Any CPU
	EndGlobalSection
	GlobalSection(ProjectConfigurationPlatforms) = postSolution
		{AB381CEC-0165-49CE-90BE-D5FD0CC2D9ED}.Debug|Any CPU.ActiveCfg = Debug|Any CPU
		{AB381CEC-0165-49CE-90BE-D5FD0CC2D9ED}.Debug|Any CPU.Build.0 = Debug|Any CPU
		{AB381CEC-0165-49CE-90BE-D5FD0CC2D9ED}.Release|Any CPU.ActiveCfg = Release|Any CPU
		{AB381CEC-0165-49CE-90BE-D5FD0CC2D9ED}.Release|Any CPU.Build.0 = Release|Any CPU
		{A522AA9A-545E-47EF-B6F8-34C76268B704}.Debug|Any CPU.ActiveCfg = Debug|Any CPU
		{A522AA9A-545E-47EF-B6F8-34C76268B704}.Debug|Any CPU.Build.0 = Debug|Any CPU
		{A522AA9A-545E-47EF-B6F8-34C76268B704}.Release|Any CPU.ActiveCfg = Release|Any CPU
		{A522AA9A-545E-47EF-B6F8-34C76268B704}.Release|Any CPU.Build.0 = Release|Any CPU
		{1D942F7A-F654-48FF-841C-2E993149AAA2}.Debug|Any CPU.ActiveCfg = Debug|Any CPU
		{1D942F7A-F654-48FF-841C-2E993149AAA2}.Debug|Any CPU.Build.0 = Debug|Any CPU
		{1D942F7A-F654-48FF-841C-2E993149AAA2}.Release|Any CPU.ActiveCfg = Release|Any CPU
		{1D942F7A-F654-48FF-841C-2E993149AAA2}.Release|Any CPU.Build.0 = Release|Any CPU
	EndGlobalSection
	GlobalSection(SolutionProperties) = preSolution
		HideSolutionNode = FALSE
	EndGlobalSection
	GlobalSection(ExtensibilityGlobals) = postSolution
		SolutionGuid = {5FF93133-7B36-4CA5-A4C6-B3528404D869}
	EndGlobalSection
EndGlobal
